
Microsoft Visual Studio Solution File, Format Version 11.00
# Visual Studio 2010
Project("{FAE04EC0-301F-11D3-BF4B-00C04F79EFBC}") = "StudentApplication", "StudentApplication\StudentApplication.csproj", "{074CD125-C8F5-4F1C-8433-8370A5A4794F}"
EndProject
Project("{FAE04EC0-301F-11D3-BF4B-00C04F79EFBC}") = "StudentApplicationClassLibary", "StudentApplicationClassLibary\StudentApplicationClassLibary.csproj", "{18D256B1-9603-4E04-A415-C2D15F8F7678}"
EndProject
Global
	GlobalSection(SolutionConfigurationPlatforms) = preSolution
		Debug|Any CPU = Debug|Any CPU
		Debug|Mixed Platforms = Debug|Mixed Platforms
		Debug|x86 = Debug|x86
		Release|Any CPU = Release|Any CPU
		Release|Mixed Platforms = Release|Mixed Platforms
		Release|x86 = Release|x86
	EndGlobalSection
	GlobalSection(ProjectConfigurationPlatforms) = postSolution
		{074CD125-C8F5-4F1C-8433-8370A5A4794F}.Debug|Any CPU.ActiveCfg = Debug|x86
		{074CD125-C8F5-4F1C-8433-8370A5A4794F}.Debug|Mixed Platforms.ActiveCfg = Debug|x86
		{074CD125-C8F5-4F1C-8433-8370A5A4794F}.Debug|Mixed Platforms.Build.0 = Debug|x86
		{074CD125-C8F5-4F1C-8433-8370A5A4794F}.Debug|x86.ActiveCfg = Debug|x86
		{074CD125-C8F5-4F1C-8433-8370A5A4794F}.Debug|x86.Build.0 = Debug|x86
		{074CD125-C8F5-4F1C-8433-8370A5A4794F}.Release|Any CPU.ActiveCfg = Release|x86
		{074CD125-C8F5-4F1C-8433-8370A5A4794F}.Release|Mixed Platforms.ActiveCfg = Release|x86
		{074CD125-C8F5-4F1C-8433-8370A5A4794F}.Release|Mixed Platforms.Build.0 = Release|x86
		{074CD125-C8F5-4F1C-8433-8370A5A4794F}.Release|x86.ActiveCfg = Release|x86
		{074CD125-C8F5-4F1C-8433-8370A5A4794F}.Release|x86.Build.0 = Release|x86
		{18D256B1-9603-4E04-A415-C2D15F8F7678}.Debug|Any CPU.ActiveCfg = Debug|Any CPU
		{18D256B1-9603-4E04-A415-C2D15F8F7678}.Debug|Any CPU.Build.0 = Debug|Any CPU
		{18D256B1-9603-4E04-A415-C2D15F8F7678}.Debug|Mixed Platforms.ActiveCfg = Debug|Any CPU
		{18D256B1-9603-4E04-A415-C2D15F8F7678}.Debug|Mixed Platforms.Build.0 = Debug|Any CPU
		{18D256B1-9603-4E04-A415-C2D15F8F7678}.Debug|x86.ActiveCfg = Debug|Any CPU
		{18D256B1-9603-4E04-A415-C2D15F8F7678}.Release|Any CPU.ActiveCfg = Release|Any CPU
		{18D256B1-9603-4E04-A415-C2D15F8F7678}.Release|Any CPU.Build.0 = Release|Any CPU
		{18D256B1-9603-4E04-A415-C2D15F8F7678}.Release|Mixed Platforms.ActiveCfg = Release|Any CPU
		{18D256B1-9603-4E04-A415-C2D15F8F7678}.Release|Mixed Platforms.Build.0 = Release|Any CPU
		{18D256B1-9603-4E04-A415-C2D15F8F7678}.Release|x86.ActiveCfg = Release|Any CPU
	EndGlobalSection
	GlobalSection(SolutionProperties) = preSolution
		HideSolutionNode = FALSE
	EndGlobalSection
EndGlobal
